
Microsoft Visual Studio Solution File, Format Version 12.00
# Visual Studio Version 17
VisualStudioVersion = 17.3.32825.248
MinimumVisualStudioVersion = 10.0.40219.1
Project("{FAE04EC0-301F-11D3-BF4B-00C04F79EFBC}") = "Trollman", "Trollman\Trollman.csproj", "{776ECA04-FEA7-480B-98D8-773B24CB44FA}"
EndProject
Global
	GlobalSection(SolutionConfigurationPlatforms) = preSolution
		Debug|Any CPU = Debug|Any CPU
		Release|Any CPU = Release|Any CPU
	EndGlobalSection
	GlobalSection(ProjectConfigurationPlatforms) = postSolution
		{776ECA04-FEA7-480B-98D8-773B24CB44FA}.Debug|Any CPU.ActiveCfg = Debug|Any CPU
		{776ECA04-FEA7-480B-98D8-773B24CB44FA}.Debug|Any CPU.Build.0 = Debug|Any CPU
		{776ECA04-FEA7-480B-98D8-773B24CB44FA}.Release|Any CPU.ActiveCfg = Release|Any CPU
		{776ECA04-FEA7-480B-98D8-773B24CB44FA}.Release|Any CPU.Build.0 = Release|Any CPU
	EndGlobalSection
	GlobalSection(SolutionProperties) = preSolution
		HideSolutionNode = FALSE
	EndGlobalSection
	GlobalSection(ExtensibilityGlobals) = postSolution
		SolutionGuid = {2B0607AF-6175-40D9-9883-537730A34E5D}
	EndGlobalSection
EndGlobal
